
Microsoft Visual Studio Solution File, Format Version 12.00
# Visual Studio Version 17
VisualStudioVersion = 17.2.32526.322
MinimumVisualStudioVersion = 10.0.40219.1
Project("{2150E333-8FDC-42A3-9474-1A3956D46DE8}") = "APIGateways", "APIGateways", "{18BA4CB9-385E-437C-BC7A-7825AE8EE85E}"
EndProject
Project("{9A19103F-16F7-4668-BE54-9A1E7A4F7556}") = "IPVerification", "APIGateways\IPVerification\IPVerification.csproj", "{5C626640-A49A-493A-800D-D3D9B4E53D86}"
EndProject
Project("{2150E333-8FDC-42A3-9474-1A3956D46DE8}") = "Services", "Services", "{093DBBC9-11B6-4DB7-8134-B6A364AE4B0A}"
EndProject
Project("{2150E333-8FDC-42A3-9474-1A3956D46DE8}") = "GeoIP", "GeoIP", "{748E0626-C8A3-49CF-8AB4-6BDEED3D0462}"
EndProject
Project("{9A19103F-16F7-4668-BE54-9A1E7A4F7556}") = "GeoIPService.API", "Services\GeoIP\GeoIPService.API\GeoIPService.API.csproj", "{CA67E503-7D50-45E4-8CA0-2DBDFFC729E4}"
EndProject
Project("{2150E333-8FDC-42A3-9474-1A3956D46DE8}") = "RDAP", "RDAP", "{FC5993AF-D490-4139-93B8-E1470F0BAB45}"
EndProject
Project("{FAE04EC0-301F-11D3-BF4B-00C04F79EFBC}") = "RDAPService.API", "Services\RDAP\RDAPService.API\RDAPService.API.csproj", "{FC193CE0-5B82-4D53-BA05-AB1CBA82CAAC}"
EndProject
Project("{E53339B2-1760-4266-BCC7-CA923CBCF16C}") = "docker-compose", "docker-compose.dcproj", "{ACB3E149-8F17-44B9-BE56-DB90C06B1EAA}"
EndProject
Project("{2150E333-8FDC-42A3-9474-1A3956D46DE8}") = "ReverseDNS", "ReverseDNS", "{94265587-0C83-4D42-BDEE-2C552DED4BD9}"
EndProject
Project("{FAE04EC0-301F-11D3-BF4B-00C04F79EFBC}") = "ReverseDnsService.API", "Services\ReverseDNS\ReverseDnsService.API\ReverseDnsService.API.csproj", "{96C4F7B8-3162-4657-8FAD-85BDC04B9D06}"
EndProject
Global
	GlobalSection(SolutionConfigurationPlatforms) = preSolution
		Debug|Any CPU = Debug|Any CPU
		Release|Any CPU = Release|Any CPU
	EndGlobalSection
	GlobalSection(ProjectConfigurationPlatforms) = postSolution
		{5C626640-A49A-493A-800D-D3D9B4E53D86}.Debug|Any CPU.ActiveCfg = Debug|Any CPU
		{5C626640-A49A-493A-800D-D3D9B4E53D86}.Debug|Any CPU.Build.0 = Debug|Any CPU
		{5C626640-A49A-493A-800D-D3D9B4E53D86}.Release|Any CPU.ActiveCfg = Release|Any CPU
		{5C626640-A49A-493A-800D-D3D9B4E53D86}.Release|Any CPU.Build.0 = Release|Any CPU
		{CA67E503-7D50-45E4-8CA0-2DBDFFC729E4}.Debug|Any CPU.ActiveCfg = Debug|Any CPU
		{CA67E503-7D50-45E4-8CA0-2DBDFFC729E4}.Debug|Any CPU.Build.0 = Debug|Any CPU
		{CA67E503-7D50-45E4-8CA0-2DBDFFC729E4}.Release|Any CPU.ActiveCfg = Release|Any CPU
		{CA67E503-7D50-45E4-8CA0-2DBDFFC729E4}.Release|Any CPU.Build.0 = Release|Any CPU
		{FC193CE0-5B82-4D53-BA05-AB1CBA82CAAC}.Debug|Any CPU.ActiveCfg = Debug|Any CPU
		{FC193CE0-5B82-4D53-BA05-AB1CBA82CAAC}.Debug|Any CPU.Build.0 = Debug|Any CPU
		{FC193CE0-5B82-4D53-BA05-AB1CBA82CAAC}.Release|Any CPU.ActiveCfg = Release|Any CPU
		{FC193CE0-5B82-4D53-BA05-AB1CBA82CAAC}.Release|Any CPU.Build.0 = Release|Any CPU
		{ACB3E149-8F17-44B9-BE56-DB90C06B1EAA}.Debug|Any CPU.ActiveCfg = Debug|Any CPU
		{ACB3E149-8F17-44B9-BE56-DB90C06B1EAA}.Debug|Any CPU.Build.0 = Debug|Any CPU
		{ACB3E149-8F17-44B9-BE56-DB90C06B1EAA}.Release|Any CPU.ActiveCfg = Release|Any CPU
		{ACB3E149-8F17-44B9-BE56-DB90C06B1EAA}.Release|Any CPU.Build.0 = Release|Any CPU
		{96C4F7B8-3162-4657-8FAD-85BDC04B9D06}.Debug|Any CPU.ActiveCfg = Debug|Any CPU
		{96C4F7B8-3162-4657-8FAD-85BDC04B9D06}.Debug|Any CPU.Build.0 = Debug|Any CPU
		{96C4F7B8-3162-4657-8FAD-85BDC04B9D06}.Release|Any CPU.ActiveCfg = Release|Any CPU
		{96C4F7B8-3162-4657-8FAD-85BDC04B9D06}.Release|Any CPU.Build.0 = Release|Any CPU
	EndGlobalSection
	GlobalSection(SolutionProperties) = preSolution
		HideSolutionNode = FALSE
	EndGlobalSection
	GlobalSection(NestedProjects) = preSolution
		{5C626640-A49A-493A-800D-D3D9B4E53D86} = {18BA4CB9-385E-437C-BC7A-7825AE8EE85E}
		{748E0626-C8A3-49CF-8AB4-6BDEED3D0462} = {093DBBC9-11B6-4DB7-8134-B6A364AE4B0A}
		{CA67E503-7D50-45E4-8CA0-2DBDFFC729E4} = {748E0626-C8A3-49CF-8AB4-6BDEED3D0462}
		{FC5993AF-D490-4139-93B8-E1470F0BAB45} = {093DBBC9-11B6-4DB7-8134-B6A364AE4B0A}
		{FC193CE0-5B82-4D53-BA05-AB1CBA82CAAC} = {FC5993AF-D490-4139-93B8-E1470F0BAB45}
		{94265587-0C83-4D42-BDEE-2C552DED4BD9} = {093DBBC9-11B6-4DB7-8134-B6A364AE4B0A}
		{96C4F7B8-3162-4657-8FAD-85BDC04B9D06} = {94265587-0C83-4D42-BDEE-2C552DED4BD9}
	EndGlobalSection
	GlobalSection(ExtensibilityGlobals) = postSolution
		SolutionGuid = {EE6DCC56-F956-400D-8902-96B4DE5A53ED}
	EndGlobalSection
EndGlobal
